
Microsoft Visual Studio Solution File, Format Version 11.00
# Visual Studio 2010 Express for Windows Phone
Project("{FAE04EC0-301F-11D3-BF4B-00C04F79EFBC}") = "Cachette_QR_Code_Generator", "Cachette_QR_Code_Generator\Cachette_QR_Code_Generator.csproj", "{A96347DF-9F2F-4CAF-9613-0C7077FD6043}"
EndProject
Global
	GlobalSection(SolutionConfigurationPlatforms) = preSolution
		Debug|Any CPU = Debug|Any CPU
		Release|Any CPU = Release|Any CPU
	EndGlobalSection
	GlobalSection(ProjectConfigurationPlatforms) = postSolution
		{A96347DF-9F2F-4CAF-9613-0C7077FD6043}.Debug|Any CPU.ActiveCfg = Debug|Any CPU
		{A96347DF-9F2F-4CAF-9613-0C7077FD6043}.Debug|Any CPU.Build.0 = Debug|Any CPU
		{A96347DF-9F2F-4CAF-9613-0C7077FD6043}.Debug|Any CPU.Deploy.0 = Debug|Any CPU
		{A96347DF-9F2F-4CAF-9613-0C7077FD6043}.Release|Any CPU.ActiveCfg = Release|Any CPU
		{A96347DF-9F2F-4CAF-9613-0C7077FD6043}.Release|Any CPU.Build.0 = Release|Any CPU
		{A96347DF-9F2F-4CAF-9613-0C7077FD6043}.Release|Any CPU.Deploy.0 = Release|Any CPU
	EndGlobalSection
	GlobalSection(SolutionProperties) = preSolution
		HideSolutionNode = FALSE
	EndGlobalSection
EndGlobal
